{
  "name": "jimp-upng",
  "version": "1.0.1",
  "lockfileVersion": 1,
  "requires": true,
  "dependencies": {
    "@tt-bot-dev/eslint-config": {
      "version": "1.0.2",
      "resolved": "https://registry.npmjs.org/@tt-bot-dev/eslint-config/-/eslint-config-1.0.2.tgz",
      "integrity": "sha512-ICSPCnnqZ4B/fqZQKPSNnh5L4U/dGYuYekQ6su5Vn/xP3yKmW5aQRnJ8D0ijKmse/+iV3K2ZPn5xntuP9XmX3A==",
      "dev": true
    },
    "pako": {
      "version": "1.0.10",
      "resolved": "https://registry.npmjs.org/pako/-/pako-1.0.10.tgz",
      "integrity": "sha512-0DTvPVU3ed8+HNXOu5Bs+o//Mbdj9VNQMUOe9oKCwh8l0GNwpTDMKCWbRjgtD291AWnkAgkqA/LOnQS8AmS1tw=="
    },
    "upng-js": {
      "version": "2.1.0",
      "resolved": "https://registry.npmjs.org/upng-js/-/upng-js-2.1.0.tgz",
      "integrity": "sha512-d3xzZzpMP64YkjP5pr8gNyvBt7dLk/uGI67EctzDuVp4lCZyVMo0aJO6l/VDlgbInJYDY6cnClLoBp29eKWI6g==",
      "requires": {
        "pako": "^1.0.5"
      }
    }
  }
}
